
Microsoft Visual Studio Solution File, Format Version 12.00
# Visual Studio Version 17
VisualStudioVersion = 17.10.35201.131
MinimumVisualStudioVersion = 10.0.40219.1
Project("{9A19103F-16F7-4668-BE54-9A1E7A4F7556}") = "BG.IMS.API", "BG.IMS.API\BG.IMS.API.csproj", "{59028C75-531F-4A82-B1B3-5BB665AD45EB}"
EndProject
Project("{9A19103F-16F7-4668-BE54-9A1E7A4F7556}") = "BG.Infrastructure", "BG.Infrastructure\BG.Infrastructure.csproj", "{FCB9ADBD-B532-4CF2-9E1A-1DD1ACE16EB8}"
EndProject
Project("{9A19103F-16F7-4668-BE54-9A1E7A4F7556}") = "BG.Data", "BG.Data\BG.Data.csproj", "{44FDF0A8-4E89-487D-81FA-60232CEF041D}"
EndProject
Project("{FAE04EC0-301F-11D3-BF4B-00C04F79EFBC}") = "BG.Core", "BG.Core\BG.Core.csproj", "{C9798880-8230-4053-843D-3A1CB0EE5A85}"
EndProject
Global
	GlobalSection(SolutionConfigurationPlatforms) = preSolution
		Debug|Any CPU = Debug|Any CPU
		Release|Any CPU = Release|Any CPU
	EndGlobalSection
	GlobalSection(ProjectConfigurationPlatforms) = postSolution
		{59028C75-531F-4A82-B1B3-5BB665AD45EB}.Debug|Any CPU.ActiveCfg = Debug|Any CPU
		{59028C75-531F-4A82-B1B3-5BB665AD45EB}.Debug|Any CPU.Build.0 = Debug|Any CPU
		{59028C75-531F-4A82-B1B3-5BB665AD45EB}.Release|Any CPU.ActiveCfg = Release|Any CPU
		{59028C75-531F-4A82-B1B3-5BB665AD45EB}.Release|Any CPU.Build.0 = Release|Any CPU
		{FCB9ADBD-B532-4CF2-9E1A-1DD1ACE16EB8}.Debug|Any CPU.ActiveCfg = Debug|Any CPU
		{FCB9ADBD-B532-4CF2-9E1A-1DD1ACE16EB8}.Debug|Any CPU.Build.0 = Debug|Any CPU
		{FCB9ADBD-B532-4CF2-9E1A-1DD1ACE16EB8}.Release|Any CPU.ActiveCfg = Release|Any CPU
		{FCB9ADBD-B532-4CF2-9E1A-1DD1ACE16EB8}.Release|Any CPU.Build.0 = Release|Any CPU
		{44FDF0A8-4E89-487D-81FA-60232CEF041D}.Debug|Any CPU.ActiveCfg = Debug|Any CPU
		{44FDF0A8-4E89-487D-81FA-60232CEF041D}.Debug|Any CPU.Build.0 = Debug|Any CPU
		{44FDF0A8-4E89-487D-81FA-60232CEF041D}.Release|Any CPU.ActiveCfg = Release|Any CPU
		{44FDF0A8-4E89-487D-81FA-60232CEF041D}.Release|Any CPU.Build.0 = Release|Any CPU
		{C9798880-8230-4053-843D-3A1CB0EE5A85}.Debug|Any CPU.ActiveCfg = Debug|Any CPU
		{C9798880-8230-4053-843D-3A1CB0EE5A85}.Debug|Any CPU.Build.0 = Debug|Any CPU
		{C9798880-8230-4053-843D-3A1CB0EE5A85}.Release|Any CPU.ActiveCfg = Release|Any CPU
		{C9798880-8230-4053-843D-3A1CB0EE5A85}.Release|Any CPU.Build.0 = Release|Any CPU
	EndGlobalSection
	GlobalSection(SolutionProperties) = preSolution
		HideSolutionNode = FALSE
	EndGlobalSection
	GlobalSection(ExtensibilityGlobals) = postSolution
		SolutionGuid = {7DFCF030-6719-4DF9-8D18-4F25891D63AB}
	EndGlobalSection
EndGlobal
